// !$*UTF8*$!
{
	archiveVersion = 1;
	classes = {
	};
	objectVersion = 56;
	objects = {

/* Begin PBXBuildFile section */
		4C26544C2ACB03A70010A3ED /* PackManApp.swift in Sources */ = {isa = PBXBuildFile; fileRef = 4C26544B2ACB03A70010A3ED /* PackManApp.swift */; };
		4C26544E2ACB03A70010A3ED /* ContentView.swift in Sources */ = {isa = PBXBuildFile; fileRef = 4C26544D2ACB03A70010A3ED /* ContentView.swift */; };
		4C2654502ACB03A90010A3ED /* Assets.xcassets in Resources */ = {isa = PBXBuildFile; fileRef = 4C26544F2ACB03A90010A3ED /* Assets.xcassets */; };
		4C2654532ACB03A90010A3ED /* Preview Assets.xcassets in Resources */ = {isa = PBXBuildFile; fileRef = 4C2654522ACB03A90010A3ED /* Preview Assets.xcassets */; };
		4C26545D2ACB03FB0010A3ED /* Map.swift in Sources */ = {isa = PBXBuildFile; fileRef = 4C26545C2ACB03FB0010A3ED /* Map.swift */; };
		4C26545F2ACB04B50010A3ED /* GameView.swift in Sources */ = {isa = PBXBuildFile; fileRef = 4C26545E2ACB04B50010A3ED /* GameView.swift */; };
		4C2654612ACB04C30010A3ED /* GameViewModel.swift in Sources */ = {isa = PBXBuildFile; fileRef = 4C2654602ACB04C30010A3ED /* GameViewModel.swift */; };
		4C46AA752AEAB0BD00EA5FF3 /* PackMan.swift in Sources */ = {isa = PBXBuildFile; fileRef = 4C46AA742AEAB0BD00EA5FF3 /* PackMan.swift */; };
		4C46AA772AEAB0D200EA5FF3 /* Ghost.swift in Sources */ = {isa = PBXBuildFile; fileRef = 4C46AA762AEAB0D200EA5FF3 /* Ghost.swift */; };
		4C770CFF2AEFC1AB00CB6E25 /* StartGameView.swift in Sources */ = {isa = PBXBuildFile; fileRef = 4C770CFE2AEFC1AB00CB6E25 /* StartGameView.swift */; };
/* End PBXBuildFile section */

/* Begin PBXFileReference section */
		4C2654482ACB03A70010A3ED /* PackMan.app */ = {isa = PBXFileReference; explicitFileType = wrapper.application; includeInIndex = 0; path = PackMan.app; sourceTree = BUILT_PRODUCTS_DIR; };
		4C26544B2ACB03A70010A3ED /* PackManApp.swift */ = {isa = PBXFileReference; lastKnownFileType = sourcecode.swift; path = PackManApp.swift; sourceTree = "<group>"; };
		4C26544D2ACB03A70010A3ED /* ContentView.swift */ = {isa = PBXFileReference; lastKnownFileType = sourcecode.swift; path = ContentView.swift; sourceTree = "<group>"; };
		4C26544F2ACB03A90010A3ED /* Assets.xcassets */ = {isa = PBXFileReference; lastKnownFileType = folder.assetcatalog; path = Assets.xcassets; sourceTree = "<group>"; };
		4C2654522ACB03A90010A3ED /* Preview Assets.xcassets */ = {isa = PBXFileReference; lastKnownFileType = folder.assetcatalog; path = "Preview Assets.xcassets"; sourceTree = "<group>"; };
		4C26545C2ACB03FB0010A3ED /* Map.swift */ = {isa = PBXFileReference; lastKnownFileType = sourcecode.swift; path = Map.swift; sourceTree = "<group>"; };
		4C26545E2ACB04B50010A3ED /* GameView.swift */ = {isa = PBXFileReference; lastKnownFileType = sourcecode.swift; path = GameView.swift; sourceTree = "<group>"; };
		4C2654602ACB04C30010A3ED /* GameViewModel.swift */ = {isa = PBXFileReference; lastKnownFileType = sourcecode.swift; path = GameViewModel.swift; sourceTree = "<group>"; };
		4C46AA742AEAB0BD00EA5FF3 /* PackMan.swift */ = {isa = PBXFileReference; lastKnownFileType = sourcecode.swift; path = PackMan.swift; sourceTree = "<group>"; };
		4C46AA762AEAB0D200EA5FF3 /* Ghost.swift */ = {isa = PBXFileReference; lastKnownFileType = sourcecode.swift; path = Ghost.swift; sourceTree = "<group>"; };
		4C770CFE2AEFC1AB00CB6E25 /* StartGameView.swift */ = {isa = PBXFileReference; lastKnownFileType = sourcecode.swift; path = StartGameView.swift; sourceTree = "<group>"; };
/* End PBXFileReference section */

/* Begin PBXFrameworksBuildPhase section */
		4C2654452ACB03A70010A3ED /* Frameworks */ = {
			isa = PBXFrameworksBuildPhase;
			buildActionMask = 2147483647;
			files = (
			);
			runOnlyForDeploymentPostprocessing = 0;
		};
/* End PBXFrameworksBuildPhase section */

/* Begin PBXGroup section */
		4C26543F2ACB03A70010A3ED = {
			isa = PBXGroup;
			children = (
				4C26544A2ACB03A70010A3ED /* PackMan */,
				4C2654492ACB03A70010A3ED /* Products */,
			);
			sourceTree = "<group>";
		};
		4C2654492ACB03A70010A3ED /* Products */ = {
			isa = PBXGroup;
			children = (
				4C2654482ACB03A70010A3ED /* PackMan.app */,
			);
			name = Products;
			sourceTree = "<group>";
		};
		4C26544A2ACB03A70010A3ED /* PackMan */ = {
			isa = PBXGroup;
			children = (
				4C26545B2ACB03E30010A3ED /* ViewModel */,
				4C26545A2ACB03DE0010A3ED /* Model */,
				4C2654592ACB03D50010A3ED /* View */,
				4C26544B2ACB03A70010A3ED /* PackManApp.swift */,
				4C26544D2ACB03A70010A3ED /* ContentView.swift */,
				4C26544F2ACB03A90010A3ED /* Assets.xcassets */,
				4C2654512ACB03A90010A3ED /* Preview Content */,
			);
			path = PackMan;
			sourceTree = "<group>";
		};
		4C2654512ACB03A90010A3ED /* Preview Content */ = {
			isa = PBXGroup;
			children = (
				4C2654522ACB03A90010A3ED /* Preview Assets.xcassets */,
			);
			path = "Preview Content";
			sourceTree = "<group>";
		};
		4C2654592ACB03D50010A3ED /* View */ = {
			isa = PBXGroup;
			children = (
				4C26545E2ACB04B50010A3ED /* GameView.swift */,
				4C770CFE2AEFC1AB00CB6E25 /* StartGameView.swift */,
			);
			path = View;
			sourceTree = "<group>";
		};
		4C26545A2ACB03DE0010A3ED /* Model */ = {
			isa = PBXGroup;
			children = (
				4C26545C2ACB03FB0010A3ED /* Map.swift */,
				4C46AA742AEAB0BD00EA5FF3 /* PackMan.swift */,
				4C46AA762AEAB0D200EA5FF3 /* Ghost.swift */,
			);
			path = Model;
			sourceTree = "<group>";
		};
		4C26545B2ACB03E30010A3ED /* ViewModel */ = {
			isa = PBXGroup;
			children = (
				4C2654602ACB04C30010A3ED /* GameViewModel.swift */,
			);
			path = ViewModel;
			sourceTree = "<group>";
		};
/* End PBXGroup section */

/* Begin PBXNativeTarget section */
		4C2654472ACB03A70010A3ED /* PackMan */ = {
			isa = PBXNativeTarget;
			buildConfigurationList = 4C2654562ACB03A90010A3ED /* Build configuration list for PBXNativeTarget "PackMan" */;
			buildPhases = (
				4C2654442ACB03A70010A3ED /* Sources */,
				4C2654452ACB03A70010A3ED /* Frameworks */,
				4C2654462ACB03A70010A3ED /* Resources */,
			);
			buildRules = (
			);
			dependencies = (
			);
			name = PackMan;
			productName = PackMan;
			productReference = 4C2654482ACB03A70010A3ED /* PackMan.app */;
			productType = "com.apple.product-type.application";
		};
/* End PBXNativeTarget section */

/* Begin PBXProject section */
		4C2654402ACB03A70010A3ED /* Project object */ = {
			isa = PBXProject;
			attributes = {
				BuildIndependentTargetsInParallel = 1;
				LastSwiftUpdateCheck = 1430;
				LastUpgradeCheck = 1430;
				TargetAttributes = {
					4C2654472ACB03A70010A3ED = {
						CreatedOnToolsVersion = 14.3.1;
					};
				};
			};
			buildConfigurationList = 4C2654432ACB03A70010A3ED /* Build configuration list for PBXProject "PackMan" */;
			compatibilityVersion = "Xcode 14.0";
			developmentRegion = en;
			hasScannedForEncodings = 0;
			knownRegions = (
				en,
				Base,
			);
			mainGroup = 4C26543F2ACB03A70010A3ED;
			productRefGroup = 4C2654492ACB03A70010A3ED /* Products */;
			projectDirPath = "";
			projectRoot = "";
			targets = (
				4C2654472ACB03A70010A3ED /* PackMan */,
			);
		};
/* End PBXProject section */

/* Begin PBXResourcesBuildPhase section */
		4C2654462ACB03A70010A3ED /* Resources */ = {
			isa = PBXResourcesBuildPhase;
			buildActionMask = 2147483647;
			files = (
				4C2654532ACB03A90010A3ED /* Preview Assets.xcassets in Resources */,
				4C2654502ACB03A90010A3ED /* Assets.xcassets in Resources */,
			);
			runOnlyForDeploymentPostprocessing = 0;
		};
/* End PBXResourcesBuildPhase section */

/* Begin PBXSourcesBuildPhase section */
		4C2654442ACB03A70010A3ED /* Sources */ = {
			isa = PBXSourcesBuildPhase;
			buildActionMask = 2147483647;
			files = (
				4C26544E2ACB03A70010A3ED /* ContentView.swift in Sources */,
				4C770CFF2AEFC1AB00CB6E25 /* StartGameView.swift in Sources */,
				4C26545D2ACB03FB0010A3ED /* Map.swift in Sources */,
				4C26545F2ACB04B50010A3ED /* GameView.swift in Sources */,
				4C46AA772AEAB0D200EA5FF3 /* Ghost.swift in Sources */,
				4C46AA752AEAB0BD00EA5FF3 /* PackMan.swift in Sources */,
				4C2654612ACB04C30010A3ED /* GameViewModel.swift in Sources */,
				4C26544C2ACB03A70010A3ED /* PackManApp.swift in Sources */,
			);
			runOnlyForDeploymentPostprocessing = 0;
		};
/* End PBXSourcesBuildPhase section */

/* Begin XCBuildConfiguration section */
		4C2654542ACB03A90010A3ED /* Debug */ = {
			isa = XCBuildConfiguration;
			buildSettings = {
				ALWAYS_SEARCH_USER_PATHS = NO;
				CLANG_ANALYZER_NONNULL = YES;
				CLANG_ANALYZER_NUMBER_OBJECT_CONVERSION = YES_AGGRESSIVE;
				CLANG_CXX_LANGUAGE_STANDARD = "gnu++20";
				CLANG_ENABLE_MODULES = YES;
				CLANG_ENABLE_OBJC_ARC = YES;
				CLANG_ENABLE_OBJC_WEAK = YES;
				CLANG_WARN_BLOCK_CAPTURE_AUTORELEASING = YES;
				CLANG_WARN_BOOL_CONVERSION = YES;
				CLANG_WARN_COMMA = YES;
				CLANG_WARN_CONSTANT_CONVERSION = YES;
				CLANG_WARN_DEPRECATED_OBJC_IMPLEMENTATIONS = YES;
				CLANG_WARN_DIRECT_OBJC_ISA_USAGE = YES_ERROR;
				CLANG_WARN_DOCUMENTATION_COMMENTS = YES;
				CLANG_WARN_EMPTY_BODY = YES;
				CLANG_WARN_ENUM_CONVERSION = YES;
				CLANG_WARN_INFINITE_RECURSION = YES;
				CLANG_WARN_INT_CONVERSION = YES;
				CLANG_WARN_NON_LITERAL_NULL_CONVERSION = YES;
				CLANG_WARN_OBJC_IMPLICIT_RETAIN_SELF = YES;
				CLANG_WARN_OBJC_LITERAL_CONVERSION = YES;
				CLANG_WARN_OBJC_ROOT_CLASS = YES_ERROR;
				CLANG_WARN_QUOTED_INCLUDE_IN_FRAMEWORK_HEADER = YES;
				CLANG_WARN_RANGE_LOOP_ANALYSIS = YES;
				CLANG_WARN_STRICT_PROTOTYPES = YES;
				CLANG_WARN_SUSPICIOUS_MOVE = YES;
				CLANG_WARN_UNGUARDED_AVAILABILITY = YES_AGGRESSIVE;
				CLANG_WARN_UNREACHABLE_CODE = YES;
				CLANG_WARN__DUPLICATE_METHOD_MATCH = YES;
				COPY_PHASE_STRIP = NO;
				DEBUG_INFORMATION_FORMAT = dwarf;
				ENABLE_STRICT_OBJC_MSGSEND = YES;
				ENABLE_TESTABILITY = YES;
				GCC_C_LANGUAGE_STANDARD = gnu11;
				GCC_DYNAMIC_NO_PIC = NO;
				GCC_NO_COMMON_BLOCKS = YES;
				GCC_OPTIMIZATION_LEVEL = 0;
				GCC_PREPROCESSOR_DEFINITIONS = (
					"DEBUG=1",
					"$(inherited)",
				);
				GCC_WARN_64_TO_32_BIT_CONVERSION = YES;
				GCC_WARN_ABOUT_RETURN_TYPE = YES_ERROR;
				GCC_WARN_UNDECLARED_SELECTOR = YES;
				GCC_WARN_UNINITIALIZED_AUTOS = YES_AGGRESSIVE;
				GCC_WARN_UNUSED_FUNCTION = YES;
				GCC_WARN_UNUSED_VARIABLE = YES;
				IPHONEOS_DEPLOYMENT_TARGET = 16.4;
				MTL_ENABLE_DEBUG_INFO = INCLUDE_SOURCE;
				MTL_FAST_MATH = YES;
				ONLY_ACTIVE_ARCH = YES;
				SDKROOT = iphoneos;
				SWIFT_ACTIVE_COMPILATION_CONDITIONS = DEBUG;
				SWIFT_OPTIMIZATION_LEVEL = "-Onone";
			};
			name = Debug;
		};
		4C2654552ACB03A90010A3ED /* Release */ = {
			isa = XCBuildConfiguration;
			buildSettings = {
				ALWAYS_SEARCH_USER_PATHS = NO;
				CLANG_ANALYZER_NONNULL = YES;
				CLANG_ANALYZER_NUMBER_OBJECT_CONVERSION = YES_AGGRESSIVE;
				CLANG_CXX_LANGUAGE_STANDARD = "gnu++20";
				CLANG_ENABLE_MODULES = YES;
				CLANG_ENABLE_OBJC_ARC = YES;
				CLANG_ENABLE_OBJC_WEAK = YES;
				CLANG_WARN_BLOCK_CAPTURE_AUTORELEASING = YES;
				CLANG_WARN_BOOL_CONVERSION = YES;
				CLANG_WARN_COMMA = YES;
				CLANG_WARN_CONSTANT_CONVERSION = YES;
				CLANG_WARN_DEPRECATED_OBJC_IMPLEMENTATIONS = YES;
				CLANG_WARN_DIRECT_OBJC_ISA_USAGE = YES_ERROR;
				CLANG_WARN_DOCUMENTATION_COMMENTS = YES;
				CLANG_WARN_EMPTY_BODY = YES;
				CLANG_WARN_ENUM_CONVERSION = YES;
				CLANG_WARN_INFINITE_RECURSION = YES;
				CLANG_WARN_INT_CONVERSION = YES;
				CLANG_WARN_NON_LITERAL_NULL_CONVERSION = YES;
				CLANG_WARN_OBJC_IMPLICIT_RETAIN_SELF = YES;
				CLANG_WARN_OBJC_LITERAL_CONVERSION = YES;
				CLANG_WARN_OBJC_ROOT_CLASS = YES_ERROR;
				CLANG_WARN_QUOTED_INCLUDE_IN_FRAMEWORK_HEADER = YES;
				CLANG_WARN_RANGE_LOOP_ANALYSIS = YES;
				CLANG_WARN_STRICT_PROTOTYPES = YES;
				CLANG_WARN_SUSPICIOUS_MOVE = YES;
				CLANG_WARN_UNGUARDED_AVAILABILITY = YES_AGGRESSIVE;
				CLANG_WARN_UNREACHABLE_CODE = YES;
				CLANG_WARN__DUPLICATE_METHOD_MATCH = YES;
				COPY_PHASE_STRIP = NO;
				DEBUG_INFORMATION_FORMAT = "dwarf-with-dsym";
				ENABLE_NS_ASSERTIONS = NO;
				ENABLE_STRICT_OBJC_MSGSEND = YES;
				GCC_C_LANGUAGE_STANDARD = gnu11;
				GCC_NO_COMMON_BLOCKS = YES;
				GCC_WARN_64_TO_32_BIT_CONVERSION = YES;
				GCC_WARN_ABOUT_RETURN_TYPE = YES_ERROR;
				GCC_WARN_UNDECLARED_SELECTOR = YES;
				GCC_WARN_UNINITIALIZED_AUTOS = YES_AGGRESSIVE;
				GCC_WARN_UNUSED_FUNCTION = YES;
				GCC_WARN_UNUSED_VARIABLE = YES;
				IPHONEOS_DEPLOYMENT_TARGET = 16.4;
				MTL_ENABLE_DEBUG_INFO = NO;
				MTL_FAST_MATH = YES;
				SDKROOT = iphoneos;
				SWIFT_COMPILATION_MODE = wholemodule;
				SWIFT_OPTIMIZATION_LEVEL = "-O";
				VALIDATE_PRODUCT = YES;
			};
			name = Release;
		};
		4C2654572ACB03A90010A3ED /* Debug */ = {
			isa = XCBuildConfiguration;
			buildSettings = {
				ASSETCATALOG_COMPILER_APPICON_NAME = AppIcon;
				ASSETCATALOG_COMPILER_GLOBAL_ACCENT_COLOR_NAME = AccentColor;
				CODE_SIGN_STYLE = Automatic;
				CURRENT_PROJECT_VERSION = 1;
				DEVELOPMENT_ASSET_PATHS = "\"PackMan/Preview Content\"";
				DEVELOPMENT_TEAM = 3YWFK2YH9J;
				ENABLE_PREVIEWS = YES;
				GENERATE_INFOPLIST_FILE = YES;
				INFOPLIST_KEY_UIApplicationSceneManifest_Generation = YES;
				INFOPLIST_KEY_UIApplicationSupportsIndirectInputEvents = YES;
				INFOPLIST_KEY_UILaunchScreen_Generation = YES;
				INFOPLIST_KEY_UISupportedInterfaceOrientations_iPad = "UIInterfaceOrientationPortrait UIInterfaceOrientationPortraitUpsideDown UIInterfaceOrientationLandscapeLeft UIInterfaceOrientationLandscapeRight";
				INFOPLIST_KEY_UISupportedInterfaceOrientations_iPhone = "UIInterfaceOrientationPortrait UIInterfaceOrientationLandscapeLeft UIInterfaceOrientationLandscapeRight";
				LD_RUNPATH_SEARCH_PATHS = (
					"$(inherited)",
					"@executable_path/Frameworks",
				);
				MARKETING_VERSION = 1.0;
				PRODUCT_BUNDLE_IDENTIFIER = com.krymlov.PackMan;
				PRODUCT_NAME = "$(TARGET_NAME)";
				SWIFT_EMIT_LOC_STRINGS = YES;
				SWIFT_VERSION = 5.0;
				TARGETED_DEVICE_FAMILY = "1,2";
			};
			name = Debug;
		};
		4C2654582ACB03A90010A3ED /* Release */ = {
			isa = XCBuildConfiguration;
			buildSettings = {
				ASSETCATALOG_COMPILER_APPICON_NAME = AppIcon;
				ASSETCATALOG_COMPILER_GLOBAL_ACCENT_COLOR_NAME = AccentColor;
				CODE_SIGN_STYLE = Automatic;
				CURRENT_PROJECT_VERSION = 1;
				DEVELOPMENT_ASSET_PATHS = "\"PackMan/Preview Content\"";
				DEVELOPMENT_TEAM = 3YWFK2YH9J;
				ENABLE_PREVIEWS = YES;
				GENERATE_INFOPLIST_FILE = YES;
				INFOPLIST_KEY_UIApplicationSceneManifest_Generation = YES;
				INFOPLIST_KEY_UIApplicationSupportsIndirectInputEvents = YES;
				INFOPLIST_KEY_UILaunchScreen_Generation = YES;
				INFOPLIST_KEY_UISupportedInterfaceOrientations_iPad = "UIInterfaceOrientationPortrait UIInterfaceOrientationPortraitUpsideDown UIInterfaceOrientationLandscapeLeft UIInterfaceOrientationLandscapeRight";
				INFOPLIST_KEY_UISupportedInterfaceOrientations_iPhone = "UIInterfaceOrientationPortrait UIInterfaceOrientationLandscapeLeft UIInterfaceOrientationLandscapeRight";
				LD_RUNPATH_SEARCH_PATHS = (
					"$(inherited)",
					"@executable_path/Frameworks",
				);
				MARKETING_VERSION = 1.0;
				PRODUCT_BUNDLE_IDENTIFIER = com.krymlov.PackMan;
				PRODUCT_NAME = "$(TARGET_NAME)";
				SWIFT_EMIT_LOC_STRINGS = YES;
				SWIFT_VERSION = 5.0;
				TARGETED_DEVICE_FAMILY = "1,2";
			};
			name = Release;
		};
/* End XCBuildConfiguration section */

/* Begin XCConfigurationList section */
		4C2654432ACB03A70010A3ED /* Build configuration list for PBXProject "PackMan" */ = {
			isa = XCConfigurationList;
			buildConfigurations = (
				4C2654542ACB03A90010A3ED /* Debug */,
				4C2654552ACB03A90010A3ED /* Release */,
			);
			defaultConfigurationIsVisible = 0;
			defaultConfigurationName = Release;
		};
		4C2654562ACB03A90010A3ED /* Build configuration list for PBXNativeTarget "PackMan" */ = {
			isa = XCConfigurationList;
			buildConfigurations = (
				4C2654572ACB03A90010A3ED /* Debug */,
				4C2654582ACB03A90010A3ED /* Release */,
			);
			defaultConfigurationIsVisible = 0;
			defaultConfigurationName = Release;
		};
/* End XCConfigurationList section */
	};
	rootObject = 4C2654402ACB03A70010A3ED /* Project object */;
}
